
Microsoft Visual Studio Solution File, Format Version 12.00
# Visual Studio Version 16
VisualStudioVersion = 16.0.30517.126
MinimumVisualStudioVersion = 10.0.40219.1
Project("{FAE04EC0-301F-11D3-BF4B-00C04F79EFBC}") = "Emma", "Emma.csproj", "{616BD8E5-F320-4298-92C2-32F82A77F9C4}"
EndProject
Global
	GlobalSection(SolutionConfigurationPlatforms) = preSolution
		Debug|Any CPU = Debug|Any CPU
		Release|Any CPU = Release|Any CPU
	EndGlobalSection
	GlobalSection(ProjectConfigurationPlatforms) = postSolution
		{616BD8E5-F320-4298-92C2-32F82A77F9C4}.Debug|Any CPU.ActiveCfg = Debug|Any CPU
		{616BD8E5-F320-4298-92C2-32F82A77F9C4}.Debug|Any CPU.Build.0 = Debug|Any CPU
		{616BD8E5-F320-4298-92C2-32F82A77F9C4}.Release|Any CPU.ActiveCfg = Release|Any CPU
		{616BD8E5-F320-4298-92C2-32F82A77F9C4}.Release|Any CPU.Build.0 = Release|Any CPU
	EndGlobalSection
	GlobalSection(SolutionProperties) = preSolution
		HideSolutionNode = FALSE
	EndGlobalSection
	GlobalSection(ExtensibilityGlobals) = postSolution
		SolutionGuid = {516CC4EF-DA6A-4EB8-8741-67B2547F7495}
	EndGlobalSection
EndGlobal
